
Microsoft Visual Studio Solution File, Format Version 12.00
# Visual Studio Version 16
VisualStudioVersion = 16.0.31410.357
MinimumVisualStudioVersion = 10.0.40219.1
Project("{9A19103F-16F7-4668-BE54-9A1E7A4F7556}") = "RazorPagesCovid", "RazorPagesCovid\RazorPagesCovid.csproj", "{3FDC02E4-D6B6-48FD-BB3D-B8E41D2AF6DE}"
EndProject
Project("{FAE04EC0-301F-11D3-BF4B-00C04F79EFBC}") = "RazorPagesTests", "RazorPagesTests\RazorPagesTests.csproj", "{084C93FA-8EF4-4C82-A25E-03EF1981A8A2}"
EndProject
Global
	GlobalSection(SolutionConfigurationPlatforms) = preSolution
		Debug|Any CPU = Debug|Any CPU
		Release|Any CPU = Release|Any CPU
	EndGlobalSection
	GlobalSection(ProjectConfigurationPlatforms) = postSolution
		{3FDC02E4-D6B6-48FD-BB3D-B8E41D2AF6DE}.Debug|Any CPU.ActiveCfg = Debug|Any CPU
		{3FDC02E4-D6B6-48FD-BB3D-B8E41D2AF6DE}.Debug|Any CPU.Build.0 = Debug|Any CPU
		{3FDC02E4-D6B6-48FD-BB3D-B8E41D2AF6DE}.Release|Any CPU.ActiveCfg = Release|Any CPU
		{3FDC02E4-D6B6-48FD-BB3D-B8E41D2AF6DE}.Release|Any CPU.Build.0 = Release|Any CPU
		{084C93FA-8EF4-4C82-A25E-03EF1981A8A2}.Debug|Any CPU.ActiveCfg = Debug|Any CPU
		{084C93FA-8EF4-4C82-A25E-03EF1981A8A2}.Debug|Any CPU.Build.0 = Debug|Any CPU
		{084C93FA-8EF4-4C82-A25E-03EF1981A8A2}.Release|Any CPU.ActiveCfg = Release|Any CPU
		{084C93FA-8EF4-4C82-A25E-03EF1981A8A2}.Release|Any CPU.Build.0 = Release|Any CPU
	EndGlobalSection
	GlobalSection(SolutionProperties) = preSolution
		HideSolutionNode = FALSE
	EndGlobalSection
	GlobalSection(ExtensibilityGlobals) = postSolution
		SolutionGuid = {166205B7-BB4B-44E8-B204-01EFC76DC0E8}
	EndGlobalSection
EndGlobal
